
Microsoft Visual Studio Solution File, Format Version 12.00
# Visual Studio Version 17
VisualStudioVersion = 17.8.34525.116
MinimumVisualStudioVersion = 10.0.40219.1
Project("{FAE04EC0-301F-11D3-BF4B-00C04F79EFBC}") = "PDF_Tools", "PDF_Tools\PDF_Tools.csproj", "{91EB9641-CEB9-4AEB-9913-3BE714BA2DF2}"
EndProject
Global
	GlobalSection(SolutionConfigurationPlatforms) = preSolution
		Debug|Any CPU = Debug|Any CPU
		Release|Any CPU = Release|Any CPU
	EndGlobalSection
	GlobalSection(ProjectConfigurationPlatforms) = postSolution
		{91EB9641-CEB9-4AEB-9913-3BE714BA2DF2}.Debug|Any CPU.ActiveCfg = Debug|Any CPU
		{91EB9641-CEB9-4AEB-9913-3BE714BA2DF2}.Debug|Any CPU.Build.0 = Debug|Any CPU
		{91EB9641-CEB9-4AEB-9913-3BE714BA2DF2}.Release|Any CPU.ActiveCfg = Release|Any CPU
		{91EB9641-CEB9-4AEB-9913-3BE714BA2DF2}.Release|Any CPU.Build.0 = Release|Any CPU
	EndGlobalSection
	GlobalSection(SolutionProperties) = preSolution
		HideSolutionNode = FALSE
	EndGlobalSection
	GlobalSection(ExtensibilityGlobals) = postSolution
		SolutionGuid = {291C6168-AC56-43E8-ADFA-E953010C8086}
	EndGlobalSection
EndGlobal
